// !$*UTF8*$!
{
	archiveVersion = 1;
	classes = {
	};
	objectVersion = 55;
	objects = {

/* Begin PBXBuildFile section */
		7D26CC2E28B2E063006AB7D8 /* Tests_iOS.swift in Sources */ = {isa = PBXBuildFile; fileRef = 7D26CC2D28B2E063006AB7D8 /* Tests_iOS.swift */; };
		7D26CC3028B2E063006AB7D8 /* Tests_iOSLaunchTests.swift in Sources */ = {isa = PBXBuildFile; fileRef = 7D26CC2F28B2E063006AB7D8 /* Tests_iOSLaunchTests.swift */; };
		7D26CC3A28B2E063006AB7D8 /* Tests_macOS.swift in Sources */ = {isa = PBXBuildFile; fileRef = 7D26CC3928B2E063006AB7D8 /* Tests_macOS.swift */; };
		7D26CC3C28B2E063006AB7D8 /* Tests_macOSLaunchTests.swift in Sources */ = {isa = PBXBuildFile; fileRef = 7D26CC3B28B2E063006AB7D8 /* Tests_macOSLaunchTests.swift */; };
		7D26CC3D28B2E063006AB7D8 /* todoApp.swift in Sources */ = {isa = PBXBuildFile; fileRef = 7D26CC1528B2E061006AB7D8 /* todoApp.swift */; };
		7D26CC3E28B2E063006AB7D8 /* todoApp.swift in Sources */ = {isa = PBXBuildFile; fileRef = 7D26CC1528B2E061006AB7D8 /* todoApp.swift */; };
		7D26CC3F28B2E063006AB7D8 /* ContentView.swift in Sources */ = {isa = PBXBuildFile; fileRef = 7D26CC1628B2E061006AB7D8 /* ContentView.swift */; };
		7D26CC4028B2E063006AB7D8 /* ContentView.swift in Sources */ = {isa = PBXBuildFile; fileRef = 7D26CC1628B2E061006AB7D8 /* ContentView.swift */; };
		7D26CC4128B2E063006AB7D8 /* Assets.xcassets in Resources */ = {isa = PBXBuildFile; fileRef = 7D26CC1728B2E063006AB7D8 /* Assets.xcassets */; };
		7D26CC4228B2E063006AB7D8 /* Assets.xcassets in Resources */ = {isa = PBXBuildFile; fileRef = 7D26CC1728B2E063006AB7D8 /* Assets.xcassets */; };
		7D4BE17928B30761002DEBC8 /* Todo.swift in Sources */ = {isa = PBXBuildFile; fileRef = 7D4BE17828B30761002DEBC8 /* Todo.swift */; };
		7D4BE17A28B30761002DEBC8 /* Todo.swift in Sources */ = {isa = PBXBuildFile; fileRef = 7D4BE17828B30761002DEBC8 /* Todo.swift */; };
		7D4BE17D28B30882002DEBC8 /* todoData.json in Resources */ = {isa = PBXBuildFile; fileRef = 7D4BE17C28B30882002DEBC8 /* todoData.json */; };
		7D4BE17E28B30882002DEBC8 /* todoData.json in Resources */ = {isa = PBXBuildFile; fileRef = 7D4BE17C28B30882002DEBC8 /* todoData.json */; };
		7D4BE18028B308CF002DEBC8 /* ModelData.swift in Sources */ = {isa = PBXBuildFile; fileRef = 7D4BE17F28B308CF002DEBC8 /* ModelData.swift */; };
		7D4BE18128B308CF002DEBC8 /* ModelData.swift in Sources */ = {isa = PBXBuildFile; fileRef = 7D4BE17F28B308CF002DEBC8 /* ModelData.swift */; };
		7D4BE18A28B30968002DEBC8 /* TodoRow.swift in Sources */ = {isa = PBXBuildFile; fileRef = 7D4BE18928B30968002DEBC8 /* TodoRow.swift */; };
		7D4BE18B28B30968002DEBC8 /* TodoRow.swift in Sources */ = {isa = PBXBuildFile; fileRef = 7D4BE18928B30968002DEBC8 /* TodoRow.swift */; };
		7DAB474A28B32ECD00EC401A /* TodoSection.swift in Sources */ = {isa = PBXBuildFile; fileRef = 7DAB474928B32ECD00EC401A /* TodoSection.swift */; };
		7DAB474B28B32ECD00EC401A /* TodoSection.swift in Sources */ = {isa = PBXBuildFile; fileRef = 7DAB474928B32ECD00EC401A /* TodoSection.swift */; };
		7DAB475028B337DD00EC401A /* AddTodoWindow.swift in Sources */ = {isa = PBXBuildFile; fileRef = 7DAB474F28B337DD00EC401A /* AddTodoWindow.swift */; };
		7DAB475128B337DD00EC401A /* AddTodoWindow.swift in Sources */ = {isa = PBXBuildFile; fileRef = 7DAB474F28B337DD00EC401A /* AddTodoWindow.swift */; };
		7DAB475628B35C7000EC401A /* AddSectionWindow.swift in Sources */ = {isa = PBXBuildFile; fileRef = 7DAB475528B35C7000EC401A /* AddSectionWindow.swift */; };
		7DAB475728B35C7000EC401A /* AddSectionWindow.swift in Sources */ = {isa = PBXBuildFile; fileRef = 7DAB475528B35C7000EC401A /* AddSectionWindow.swift */; };
/* End PBXBuildFile section */

/* Begin PBXContainerItemProxy section */
		7D26CC2A28B2E063006AB7D8 /* PBXContainerItemProxy */ = {
			isa = PBXContainerItemProxy;
			containerPortal = 7D26CC1028B2E060006AB7D8 /* Project object */;
			proxyType = 1;
			remoteGlobalIDString = 7D26CC1B28B2E063006AB7D8;
			remoteInfo = "todo (iOS)";
		};
		7D26CC3628B2E063006AB7D8 /* PBXContainerItemProxy */ = {
			isa = PBXContainerItemProxy;
			containerPortal = 7D26CC1028B2E060006AB7D8 /* Project object */;
			proxyType = 1;
			remoteGlobalIDString = 7D26CC2128B2E063006AB7D8;
			remoteInfo = "todo (macOS)";
		};
/* End PBXContainerItemProxy section */

/* Begin PBXFileReference section */
		7D26CC1528B2E061006AB7D8 /* todoApp.swift */ = {isa = PBXFileReference; lastKnownFileType = sourcecode.swift; path = todoApp.swift; sourceTree = "<group>"; };
		7D26CC1628B2E061006AB7D8 /* ContentView.swift */ = {isa = PBXFileReference; lastKnownFileType = sourcecode.swift; path = ContentView.swift; sourceTree = "<group>"; };
		7D26CC1728B2E063006AB7D8 /* Assets.xcassets */ = {isa = PBXFileReference; lastKnownFileType = folder.assetcatalog; path = Assets.xcassets; sourceTree = "<group>"; };
		7D26CC1C28B2E063006AB7D8 /* todo.app */ = {isa = PBXFileReference; explicitFileType = wrapper.application; includeInIndex = 0; path = todo.app; sourceTree = BUILT_PRODUCTS_DIR; };
		7D26CC2228B2E063006AB7D8 /* todo.app */ = {isa = PBXFileReference; explicitFileType = wrapper.application; includeInIndex = 0; path = todo.app; sourceTree = BUILT_PRODUCTS_DIR; };
		7D26CC2428B2E063006AB7D8 /* macOS.entitlements */ = {isa = PBXFileReference; lastKnownFileType = text.plist.entitlements; path = macOS.entitlements; sourceTree = "<group>"; };
		7D26CC2928B2E063006AB7D8 /* Tests iOS.xctest */ = {isa = PBXFileReference; explicitFileType = wrapper.cfbundle; includeInIndex = 0; path = "Tests iOS.xctest"; sourceTree = BUILT_PRODUCTS_DIR; };
		7D26CC2D28B2E063006AB7D8 /* Tests_iOS.swift */ = {isa = PBXFileReference; lastKnownFileType = sourcecode.swift; path = Tests_iOS.swift; sourceTree = "<group>"; };
		7D26CC2F28B2E063006AB7D8 /* Tests_iOSLaunchTests.swift */ = {isa = PBXFileReference; lastKnownFileType = sourcecode.swift; path = Tests_iOSLaunchTests.swift; sourceTree = "<group>"; };
		7D26CC3528B2E063006AB7D8 /* Tests macOS.xctest */ = {isa = PBXFileReference; explicitFileType = wrapper.cfbundle; includeInIndex = 0; path = "Tests macOS.xctest"; sourceTree = BUILT_PRODUCTS_DIR; };
		7D26CC3928B2E063006AB7D8 /* Tests_macOS.swift */ = {isa = PBXFileReference; lastKnownFileType = sourcecode.swift; path = Tests_macOS.swift; sourceTree = "<group>"; };
		7D26CC3B28B2E063006AB7D8 /* Tests_macOSLaunchTests.swift */ = {isa = PBXFileReference; lastKnownFileType = sourcecode.swift; path = Tests_macOSLaunchTests.swift; sourceTree = "<group>"; };
		7D4BE17828B30761002DEBC8 /* Todo.swift */ = {isa = PBXFileReference; lastKnownFileType = sourcecode.swift; path = Todo.swift; sourceTree = "<group>"; };
		7D4BE17C28B30882002DEBC8 /* todoData.json */ = {isa = PBXFileReference; lastKnownFileType = text.json; path = todoData.json; sourceTree = "<group>"; };
		7D4BE17F28B308CF002DEBC8 /* ModelData.swift */ = {isa = PBXFileReference; lastKnownFileType = sourcecode.swift; path = ModelData.swift; sourceTree = "<group>"; };
		7D4BE18928B30968002DEBC8 /* TodoRow.swift */ = {isa = PBXFileReference; lastKnownFileType = sourcecode.swift; path = TodoRow.swift; sourceTree = "<group>"; };
		7DAB474928B32ECD00EC401A /* TodoSection.swift */ = {isa = PBXFileReference; lastKnownFileType = sourcecode.swift; path = TodoSection.swift; sourceTree = "<group>"; };
		7DAB474F28B337DD00EC401A /* AddTodoWindow.swift */ = {isa = PBXFileReference; lastKnownFileType = sourcecode.swift; path = AddTodoWindow.swift; sourceTree = "<group>"; };
		7DAB475528B35C7000EC401A /* AddSectionWindow.swift */ = {isa = PBXFileReference; lastKnownFileType = sourcecode.swift; path = AddSectionWindow.swift; sourceTree = "<group>"; };
/* End PBXFileReference section */

/* Begin PBXFrameworksBuildPhase section */
		7D26CC1928B2E063006AB7D8 /* Frameworks */ = {
			isa = PBXFrameworksBuildPhase;
			buildActionMask = 2147483647;
			files = (
			);
			runOnlyForDeploymentPostprocessing = 0;
		};
		7D26CC1F28B2E063006AB7D8 /* Frameworks */ = {
			isa = PBXFrameworksBuildPhase;
			buildActionMask = 2147483647;
			files = (
			);
			runOnlyForDeploymentPostprocessing = 0;
		};
		7D26CC2628B2E063006AB7D8 /* Frameworks */ = {
			isa = PBXFrameworksBuildPhase;
			buildActionMask = 2147483647;
			files = (
			);
			runOnlyForDeploymentPostprocessing = 0;
		};
		7D26CC3228B2E063006AB7D8 /* Frameworks */ = {
			isa = PBXFrameworksBuildPhase;
			buildActionMask = 2147483647;
			files = (
			);
			runOnlyForDeploymentPostprocessing = 0;
		};
/* End PBXFrameworksBuildPhase section */

/* Begin PBXGroup section */
		7D26CC0F28B2E060006AB7D8 = {
			isa = PBXGroup;
			children = (
				7D26CC1428B2E061006AB7D8 /* Shared */,
				7D26CC2328B2E063006AB7D8 /* macOS */,
				7D26CC2C28B2E063006AB7D8 /* Tests iOS */,
				7D26CC3828B2E063006AB7D8 /* Tests macOS */,
				7D26CC1D28B2E063006AB7D8 /* Products */,
			);
			sourceTree = "<group>";
		};
		7D26CC1428B2E061006AB7D8 /* Shared */ = {
			isa = PBXGroup;
			children = (
				7D4BE18528B30919002DEBC8 /* Model */,
				7D4BE18428B30911002DEBC8 /* Resources */,
				7D26CC1528B2E061006AB7D8 /* todoApp.swift */,
				7D26CC1728B2E063006AB7D8 /* Assets.xcassets */,
				7D4BE18228B308F9002DEBC8 /* Views */,
			);
			path = Shared;
			sourceTree = "<group>";
		};
		7D26CC1D28B2E063006AB7D8 /* Products */ = {
			isa = PBXGroup;
			children = (
				7D26CC1C28B2E063006AB7D8 /* todo.app */,
				7D26CC2228B2E063006AB7D8 /* todo.app */,
				7D26CC2928B2E063006AB7D8 /* Tests iOS.xctest */,
				7D26CC3528B2E063006AB7D8 /* Tests macOS.xctest */,
			);
			name = Products;
			sourceTree = "<group>";
		};
		7D26CC2328B2E063006AB7D8 /* macOS */ = {
			isa = PBXGroup;
			children = (
				7D26CC2428B2E063006AB7D8 /* macOS.entitlements */,
			);
			path = macOS;
			sourceTree = "<group>";
		};
		7D26CC2C28B2E063006AB7D8 /* Tests iOS */ = {
			isa = PBXGroup;
			children = (
				7D26CC2D28B2E063006AB7D8 /* Tests_iOS.swift */,
				7D26CC2F28B2E063006AB7D8 /* Tests_iOSLaunchTests.swift */,
			);
			path = "Tests iOS";
			sourceTree = "<group>";
		};
		7D26CC3828B2E063006AB7D8 /* Tests macOS */ = {
			isa = PBXGroup;
			children = (
				7D26CC3928B2E063006AB7D8 /* Tests_macOS.swift */,
				7D26CC3B28B2E063006AB7D8 /* Tests_macOSLaunchTests.swift */,
			);
			path = "Tests macOS";
			sourceTree = "<group>";
		};
		7D4BE18228B308F9002DEBC8 /* Views */ = {
			isa = PBXGroup;
			children = (
				7D26CC1628B2E061006AB7D8 /* ContentView.swift */,
				7D4BE18928B30968002DEBC8 /* TodoRow.swift */,
				7DAB474F28B337DD00EC401A /* AddTodoWindow.swift */,
				7DAB475528B35C7000EC401A /* AddSectionWindow.swift */,
			);
			path = Views;
			sourceTree = "<group>";
		};
		7D4BE18428B30911002DEBC8 /* Resources */ = {
			isa = PBXGroup;
			children = (
				7D4BE17C28B30882002DEBC8 /* todoData.json */,
			);
			path = Resources;
			sourceTree = "<group>";
		};
		7D4BE18528B30919002DEBC8 /* Model */ = {
			isa = PBXGroup;
			children = (
				7D4BE17F28B308CF002DEBC8 /* ModelData.swift */,
				7D4BE17828B30761002DEBC8 /* Todo.swift */,
				7DAB474928B32ECD00EC401A /* TodoSection.swift */,
			);
			path = Model;
			sourceTree = "<group>";
		};
/* End PBXGroup section */

/* Begin PBXNativeTarget section */
		7D26CC1B28B2E063006AB7D8 /* todo (iOS) */ = {
			isa = PBXNativeTarget;
			buildConfigurationList = 7D26CC4528B2E063006AB7D8 /* Build configuration list for PBXNativeTarget "todo (iOS)" */;
			buildPhases = (
				7D26CC1828B2E063006AB7D8 /* Sources */,
				7D26CC1928B2E063006AB7D8 /* Frameworks */,
				7D26CC1A28B2E063006AB7D8 /* Resources */,
			);
			buildRules = (
			);
			dependencies = (
			);
			name = "todo (iOS)";
			productName = "todo (iOS)";
			productReference = 7D26CC1C28B2E063006AB7D8 /* todo.app */;
			productType = "com.apple.product-type.application";
		};
		7D26CC2128B2E063006AB7D8 /* todo (macOS) */ = {
			isa = PBXNativeTarget;
			buildConfigurationList = 7D26CC4828B2E063006AB7D8 /* Build configuration list for PBXNativeTarget "todo (macOS)" */;
			buildPhases = (
				7D26CC1E28B2E063006AB7D8 /* Sources */,
				7D26CC1F28B2E063006AB7D8 /* Frameworks */,
				7D26CC2028B2E063006AB7D8 /* Resources */,
			);
			buildRules = (
			);
			dependencies = (
			);
			name = "todo (macOS)";
			productName = "todo (macOS)";
			productReference = 7D26CC2228B2E063006AB7D8 /* todo.app */;
			productType = "com.apple.product-type.application";
		};
		7D26CC2828B2E063006AB7D8 /* Tests iOS */ = {
			isa = PBXNativeTarget;
			buildConfigurationList = 7D26CC4B28B2E063006AB7D8 /* Build configuration list for PBXNativeTarget "Tests iOS" */;
			buildPhases = (
				7D26CC2528B2E063006AB7D8 /* Sources */,
				7D26CC2628B2E063006AB7D8 /* Frameworks */,
				7D26CC2728B2E063006AB7D8 /* Resources */,
			);
			buildRules = (
			);
			dependencies = (
				7D26CC2B28B2E063006AB7D8 /* PBXTargetDependency */,
			);
			name = "Tests iOS";
			productName = "Tests iOS";
			productReference = 7D26CC2928B2E063006AB7D8 /* Tests iOS.xctest */;
			productType = "com.apple.product-type.bundle.ui-testing";
		};
		7D26CC3428B2E063006AB7D8 /* Tests macOS */ = {
			isa = PBXNativeTarget;
			buildConfigurationList = 7D26CC4E28B2E063006AB7D8 /* Build configuration list for PBXNativeTarget "Tests macOS" */;
			buildPhases = (
				7D26CC3128B2E063006AB7D8 /* Sources */,
				7D26CC3228B2E063006AB7D8 /* Frameworks */,
				7D26CC3328B2E063006AB7D8 /* Resources */,
			);
			buildRules = (
			);
			dependencies = (
				7D26CC3728B2E063006AB7D8 /* PBXTargetDependency */,
			);
			name = "Tests macOS";
			productName = "Tests macOS";
			productReference = 7D26CC3528B2E063006AB7D8 /* Tests macOS.xctest */;
			productType = "com.apple.product-type.bundle.ui-testing";
		};
/* End PBXNativeTarget section */

/* Begin PBXProject section */
		7D26CC1028B2E060006AB7D8 /* Project object */ = {
			isa = PBXProject;
			attributes = {
				BuildIndependentTargetsInParallel = 1;
				LastSwiftUpdateCheck = 1340;
				LastUpgradeCheck = 1340;
				TargetAttributes = {
					7D26CC1B28B2E063006AB7D8 = {
						CreatedOnToolsVersion = 13.4.1;
					};
					7D26CC2128B2E063006AB7D8 = {
						CreatedOnToolsVersion = 13.4.1;
					};
					7D26CC2828B2E063006AB7D8 = {
						CreatedOnToolsVersion = 13.4.1;
						TestTargetID = 7D26CC1B28B2E063006AB7D8;
					};
					7D26CC3428B2E063006AB7D8 = {
						CreatedOnToolsVersion = 13.4.1;
						TestTargetID = 7D26CC2128B2E063006AB7D8;
					};
				};
			};
			buildConfigurationList = 7D26CC1328B2E060006AB7D8 /* Build configuration list for PBXProject "todo" */;
			compatibilityVersion = "Xcode 13.0";
			developmentRegion = en;
			hasScannedForEncodings = 0;
			knownRegions = (
				en,
				Base,
			);
			mainGroup = 7D26CC0F28B2E060006AB7D8;
			productRefGroup = 7D26CC1D28B2E063006AB7D8 /* Products */;
			projectDirPath = "";
			projectRoot = "";
			targets = (
				7D26CC1B28B2E063006AB7D8 /* todo (iOS) */,
				7D26CC2128B2E063006AB7D8 /* todo (macOS) */,
				7D26CC2828B2E063006AB7D8 /* Tests iOS */,
				7D26CC3428B2E063006AB7D8 /* Tests macOS */,
			);
		};
/* End PBXProject section */

/* Begin PBXResourcesBuildPhase section */
		7D26CC1A28B2E063006AB7D8 /* Resources */ = {
			isa = PBXResourcesBuildPhase;
			buildActionMask = 2147483647;
			files = (
				7D26CC4128B2E063006AB7D8 /* Assets.xcassets in Resources */,
				7D4BE17D28B30882002DEBC8 /* todoData.json in Resources */,
			);
			runOnlyForDeploymentPostprocessing = 0;
		};
		7D26CC2028B2E063006AB7D8 /* Resources */ = {
			isa = PBXResourcesBuildPhase;
			buildActionMask = 2147483647;
			files = (
				7D26CC4228B2E063006AB7D8 /* Assets.xcassets in Resources */,
				7D4BE17E28B30882002DEBC8 /* todoData.json in Resources */,
			);
			runOnlyForDeploymentPostprocessing = 0;
		};
		7D26CC2728B2E063006AB7D8 /* Resources */ = {
			isa = PBXResourcesBuildPhase;
			buildActionMask = 2147483647;
			files = (
			);
			runOnlyForDeploymentPostprocessing = 0;
		};
		7D26CC3328B2E063006AB7D8 /* Resources */ = {
			isa = PBXResourcesBuildPhase;
			buildActionMask = 2147483647;
			files = (
			);
			runOnlyForDeploymentPostprocessing = 0;
		};
/* End PBXResourcesBuildPhase section */

/* Begin PBXSourcesBuildPhase section */
		7D26CC1828B2E063006AB7D8 /* Sources */ = {
			isa = PBXSourcesBuildPhase;
			buildActionMask = 2147483647;
			files = (
				7D26CC3F28B2E063006AB7D8 /* ContentView.swift in Sources */,
				7DAB474A28B32ECD00EC401A /* TodoSection.swift in Sources */,
				7D4BE18028B308CF002DEBC8 /* ModelData.swift in Sources */,
				7DAB475028B337DD00EC401A /* AddTodoWindow.swift in Sources */,
				7D4BE18A28B30968002DEBC8 /* TodoRow.swift in Sources */,
				7D4BE17928B30761002DEBC8 /* Todo.swift in Sources */,
				7D26CC3D28B2E063006AB7D8 /* todoApp.swift in Sources */,
				7DAB475628B35C7000EC401A /* AddSectionWindow.swift in Sources */,
			);
			runOnlyForDeploymentPostprocessing = 0;
		};
		7D26CC1E28B2E063006AB7D8 /* Sources */ = {
			isa = PBXSourcesBuildPhase;
			buildActionMask = 2147483647;
			files = (
				7D26CC4028B2E063006AB7D8 /* ContentView.swift in Sources */,
				7DAB474B28B32ECD00EC401A /* TodoSection.swift in Sources */,
				7D4BE18128B308CF002DEBC8 /* ModelData.swift in Sources */,
				7DAB475128B337DD00EC401A /* AddTodoWindow.swift in Sources */,
				7D4BE18B28B30968002DEBC8 /* TodoRow.swift in Sources */,
				7D4BE17A28B30761002DEBC8 /* Todo.swift in Sources */,
				7D26CC3E28B2E063006AB7D8 /* todoApp.swift in Sources */,
				7DAB475728B35C7000EC401A /* AddSectionWindow.swift in Sources */,
			);
			runOnlyForDeploymentPostprocessing = 0;
		};
		7D26CC2528B2E063006AB7D8 /* Sources */ = {
			isa = PBXSourcesBuildPhase;
			buildActionMask = 2147483647;
			files = (
				7D26CC3028B2E063006AB7D8 /* Tests_iOSLaunchTests.swift in Sources */,
				7D26CC2E28B2E063006AB7D8 /* Tests_iOS.swift in Sources */,
			);
			runOnlyForDeploymentPostprocessing = 0;
		};
		7D26CC3128B2E063006AB7D8 /* Sources */ = {
			isa = PBXSourcesBuildPhase;
			buildActionMask = 2147483647;
			files = (
				7D26CC3C28B2E063006AB7D8 /* Tests_macOSLaunchTests.swift in Sources */,
				7D26CC3A28B2E063006AB7D8 /* Tests_macOS.swift in Sources */,
			);
			runOnlyForDeploymentPostprocessing = 0;
		};
/* End PBXSourcesBuildPhase section */

/* Begin PBXTargetDependency section */
		7D26CC2B28B2E063006AB7D8 /* PBXTargetDependency */ = {
			isa = PBXTargetDependency;
			target = 7D26CC1B28B2E063006AB7D8 /* todo (iOS) */;
			targetProxy = 7D26CC2A28B2E063006AB7D8 /* PBXContainerItemProxy */;
		};
		7D26CC3728B2E063006AB7D8 /* PBXTargetDependency */ = {
			isa = PBXTargetDependency;
			target = 7D26CC2128B2E063006AB7D8 /* todo (macOS) */;
			targetProxy = 7D26CC3628B2E063006AB7D8 /* PBXContainerItemProxy */;
		};
/* End PBXTargetDependency section */

/* Begin XCBuildConfiguration section */
		7D26CC4328B2E063006AB7D8 /* Debug */ = {
			isa = XCBuildConfiguration;
			buildSettings = {
				ALWAYS_SEARCH_USER_PATHS = NO;
				CLANG_ANALYZER_NONNULL = YES;
				CLANG_ANALYZER_NUMBER_OBJECT_CONVERSION = YES_AGGRESSIVE;
				CLANG_CXX_LANGUAGE_STANDARD = "gnu++17";
				CLANG_ENABLE_MODULES = YES;
				CLANG_ENABLE_OBJC_ARC = YES;
				CLANG_ENABLE_OBJC_WEAK = YES;
				CLANG_WARN_BLOCK_CAPTURE_AUTORELEASING = YES;
				CLANG_WARN_BOOL_CONVERSION = YES;
				CLANG_WARN_COMMA = YES;
				CLANG_WARN_CONSTANT_CONVERSION = YES;
				CLANG_WARN_DEPRECATED_OBJC_IMPLEMENTATIONS = YES;
				CLANG_WARN_DIRECT_OBJC_ISA_USAGE = YES_ERROR;
				CLANG_WARN_DOCUMENTATION_COMMENTS = YES;
				CLANG_WARN_EMPTY_BODY = YES;
				CLANG_WARN_ENUM_CONVERSION = YES;
				CLANG_WARN_INFINITE_RECURSION = YES;
				CLANG_WARN_INT_CONVERSION = YES;
				CLANG_WARN_NON_LITERAL_NULL_CONVERSION = YES;
				CLANG_WARN_OBJC_IMPLICIT_RETAIN_SELF = YES;
				CLANG_WARN_OBJC_LITERAL_CONVERSION = YES;
				CLANG_WARN_OBJC_ROOT_CLASS = YES_ERROR;
				CLANG_WARN_QUOTED_INCLUDE_IN_FRAMEWORK_HEADER = YES;
				CLANG_WARN_RANGE_LOOP_ANALYSIS = YES;
				CLANG_WARN_STRICT_PROTOTYPES = YES;
				CLANG_WARN_SUSPICIOUS_MOVE = YES;
				CLANG_WARN_UNGUARDED_AVAILABILITY = YES_AGGRESSIVE;
				CLANG_WARN_UNREACHABLE_CODE = YES;
				CLANG_WARN__DUPLICATE_METHOD_MATCH = YES;
				COPY_PHASE_STRIP = NO;
				DEBUG_INFORMATION_FORMAT = dwarf;
				ENABLE_STRICT_OBJC_MSGSEND = YES;
				ENABLE_TESTABILITY = YES;
				GCC_C_LANGUAGE_STANDARD = gnu11;
				GCC_DYNAMIC_NO_PIC = NO;
				GCC_NO_COMMON_BLOCKS = YES;
				GCC_OPTIMIZATION_LEVEL = 0;
				GCC_PREPROCESSOR_DEFINITIONS = (
					"DEBUG=1",
					"$(inherited)",
				);
				GCC_WARN_64_TO_32_BIT_CONVERSION = YES;
				GCC_WARN_ABOUT_RETURN_TYPE = YES_ERROR;
				GCC_WARN_UNDECLARED_SELECTOR = YES;
				GCC_WARN_UNINITIALIZED_AUTOS = YES_AGGRESSIVE;
				GCC_WARN_UNUSED_FUNCTION = YES;
				GCC_WARN_UNUSED_VARIABLE = YES;
				MTL_ENABLE_DEBUG_INFO = INCLUDE_SOURCE;
				MTL_FAST_MATH = YES;
				ONLY_ACTIVE_ARCH = YES;
				SWIFT_ACTIVE_COMPILATION_CONDITIONS = DEBUG;
				SWIFT_OPTIMIZATION_LEVEL = "-Onone";
			};
			name = Debug;
		};
		7D26CC4428B2E063006AB7D8 /* Release */ = {
			isa = XCBuildConfiguration;
			buildSettings = {
				ALWAYS_SEARCH_USER_PATHS = NO;
				CLANG_ANALYZER_NONNULL = YES;
				CLANG_ANALYZER_NUMBER_OBJECT_CONVERSION = YES_AGGRESSIVE;
				CLANG_CXX_LANGUAGE_STANDARD = "gnu++17";
				CLANG_ENABLE_MODULES = YES;
				CLANG_ENABLE_OBJC_ARC = YES;
				CLANG_ENABLE_OBJC_WEAK = YES;
				CLANG_WARN_BLOCK_CAPTURE_AUTORELEASING = YES;
				CLANG_WARN_BOOL_CONVERSION = YES;
				CLANG_WARN_COMMA = YES;
				CLANG_WARN_CONSTANT_CONVERSION = YES;
				CLANG_WARN_DEPRECATED_OBJC_IMPLEMENTATIONS = YES;
				CLANG_WARN_DIRECT_OBJC_ISA_USAGE = YES_ERROR;
				CLANG_WARN_DOCUMENTATION_COMMENTS = YES;
				CLANG_WARN_EMPTY_BODY = YES;
				CLANG_WARN_ENUM_CONVERSION = YES;
				CLANG_WARN_INFINITE_RECURSION = YES;
				CLANG_WARN_INT_CONVERSION = YES;
				CLANG_WARN_NON_LITERAL_NULL_CONVERSION = YES;
				CLANG_WARN_OBJC_IMPLICIT_RETAIN_SELF = YES;
				CLANG_WARN_OBJC_LITERAL_CONVERSION = YES;
				CLANG_WARN_OBJC_ROOT_CLASS = YES_ERROR;
				CLANG_WARN_QUOTED_INCLUDE_IN_FRAMEWORK_HEADER = YES;
				CLANG_WARN_RANGE_LOOP_ANALYSIS = YES;
				CLANG_WARN_STRICT_PROTOTYPES = YES;
				CLANG_WARN_SUSPICIOUS_MOVE = YES;
				CLANG_WARN_UNGUARDED_AVAILABILITY = YES_AGGRESSIVE;
				CLANG_WARN_UNREACHABLE_CODE = YES;
				CLANG_WARN__DUPLICATE_METHOD_MATCH = YES;
				COPY_PHASE_STRIP = NO;
				DEBUG_INFORMATION_FORMAT = "dwarf-with-dsym";
				ENABLE_NS_ASSERTIONS = NO;
				ENABLE_STRICT_OBJC_MSGSEND = YES;
				GCC_C_LANGUAGE_STANDARD = gnu11;
				GCC_NO_COMMON_BLOCKS = YES;
				GCC_WARN_64_TO_32_BIT_CONVERSION = YES;
				GCC_WARN_ABOUT_RETURN_TYPE = YES_ERROR;
				GCC_WARN_UNDECLARED_SELECTOR = YES;
				GCC_WARN_UNINITIALIZED_AUTOS = YES_AGGRESSIVE;
				GCC_WARN_UNUSED_FUNCTION = YES;
				GCC_WARN_UNUSED_VARIABLE = YES;
				MTL_ENABLE_DEBUG_INFO = NO;
				MTL_FAST_MATH = YES;
				SWIFT_COMPILATION_MODE = wholemodule;
				SWIFT_OPTIMIZATION_LEVEL = "-O";
			};
			name = Release;
		};
		7D26CC4628B2E063006AB7D8 /* Debug */ = {
			isa = XCBuildConfiguration;
			buildSettings = {
				ASSETCATALOG_COMPILER_APPICON_NAME = AppIcon;
				ASSETCATALOG_COMPILER_GLOBAL_ACCENT_COLOR_NAME = AccentColor;
				CODE_SIGN_STYLE = Automatic;
				CURRENT_PROJECT_VERSION = 1;
				DEVELOPMENT_TEAM = Z457CBS3QY;
				ENABLE_PREVIEWS = YES;
				GENERATE_INFOPLIST_FILE = YES;
				INFOPLIST_KEY_UIApplicationSceneManifest_Generation = YES;
				INFOPLIST_KEY_UIApplicationSupportsIndirectInputEvents = YES;
				INFOPLIST_KEY_UILaunchScreen_Generation = YES;
				INFOPLIST_KEY_UISupportedInterfaceOrientations_iPad = "UIInterfaceOrientationPortrait UIInterfaceOrientationPortraitUpsideDown UIInterfaceOrientationLandscapeLeft UIInterfaceOrientationLandscapeRight";
				INFOPLIST_KEY_UISupportedInterfaceOrientations_iPhone = "UIInterfaceOrientationPortrait UIInterfaceOrientationLandscapeLeft UIInterfaceOrientationLandscapeRight";
				IPHONEOS_DEPLOYMENT_TARGET = 15.4;
				LD_RUNPATH_SEARCH_PATHS = (
					"$(inherited)",
					"@executable_path/Frameworks",
				);
				MARKETING_VERSION = 1.0;
				PRODUCT_BUNDLE_IDENTIFIER = me.alanzhu.todo;
				PRODUCT_NAME = todo;
				SDKROOT = iphoneos;
				SWIFT_EMIT_LOC_STRINGS = YES;
				SWIFT_VERSION = 5.0;
				TARGETED_DEVICE_FAMILY = "1,2";
			};
			name = Debug;
		};
		7D26CC4728B2E063006AB7D8 /* Release */ = {
			isa = XCBuildConfiguration;
			buildSettings = {
				ASSETCATALOG_COMPILER_APPICON_NAME = AppIcon;
				ASSETCATALOG_COMPILER_GLOBAL_ACCENT_COLOR_NAME = AccentColor;
				CODE_SIGN_STYLE = Automatic;
				CURRENT_PROJECT_VERSION = 1;
				DEVELOPMENT_TEAM = Z457CBS3QY;
				ENABLE_PREVIEWS = YES;
				GENERATE_INFOPLIST_FILE = YES;
				INFOPLIST_KEY_UIApplicationSceneManifest_Generation = YES;
				INFOPLIST_KEY_UIApplicationSupportsIndirectInputEvents = YES;
				INFOPLIST_KEY_UILaunchScreen_Generation = YES;
				INFOPLIST_KEY_UISupportedInterfaceOrientations_iPad = "UIInterfaceOrientationPortrait UIInterfaceOrientationPortraitUpsideDown UIInterfaceOrientationLandscapeLeft UIInterfaceOrientationLandscapeRight";
				INFOPLIST_KEY_UISupportedInterfaceOrientations_iPhone = "UIInterfaceOrientationPortrait UIInterfaceOrientationLandscapeLeft UIInterfaceOrientationLandscapeRight";
				IPHONEOS_DEPLOYMENT_TARGET = 15.4;
				LD_RUNPATH_SEARCH_PATHS = (
					"$(inherited)",
					"@executable_path/Frameworks",
				);
				MARKETING_VERSION = 1.0;
				PRODUCT_BUNDLE_IDENTIFIER = me.alanzhu.todo;
				PRODUCT_NAME = todo;
				SDKROOT = iphoneos;
				SWIFT_EMIT_LOC_STRINGS = YES;
				SWIFT_VERSION = 5.0;
				TARGETED_DEVICE_FAMILY = "1,2";
				VALIDATE_PRODUCT = YES;
			};
			name = Release;
		};
		7D26CC4928B2E063006AB7D8 /* Debug */ = {
			isa = XCBuildConfiguration;
			buildSettings = {
				ASSETCATALOG_COMPILER_APPICON_NAME = AppIcon;
				ASSETCATALOG_COMPILER_GLOBAL_ACCENT_COLOR_NAME = AccentColor;
				CODE_SIGN_ENTITLEMENTS = macOS/macOS.entitlements;
				CODE_SIGN_STYLE = Automatic;
				COMBINE_HIDPI_IMAGES = YES;
				CURRENT_PROJECT_VERSION = 1;
				ENABLE_PREVIEWS = YES;
				GENERATE_INFOPLIST_FILE = YES;
				INFOPLIST_KEY_NSHumanReadableCopyright = "";
				LD_RUNPATH_SEARCH_PATHS = (
					"$(inherited)",
					"@executable_path/../Frameworks",
				);
				MACOSX_DEPLOYMENT_TARGET = 12.3;
				MARKETING_VERSION = 1.0;
				PRODUCT_BUNDLE_IDENTIFIER = me.alanzhu.todo;
				PRODUCT_NAME = todo;
				SDKROOT = macosx;
				SWIFT_EMIT_LOC_STRINGS = YES;
				SWIFT_VERSION = 5.0;
			};
			name = Debug;
		};
		7D26CC4A28B2E063006AB7D8 /* Release */ = {
			isa = XCBuildConfiguration;
			buildSettings = {
				ASSETCATALOG_COMPILER_APPICON_NAME = AppIcon;
				ASSETCATALOG_COMPILER_GLOBAL_ACCENT_COLOR_NAME = AccentColor;
				CODE_SIGN_ENTITLEMENTS = macOS/macOS.entitlements;
				CODE_SIGN_STYLE = Automatic;
				COMBINE_HIDPI_IMAGES = YES;
				CURRENT_PROJECT_VERSION = 1;
				ENABLE_PREVIEWS = YES;
				GENERATE_INFOPLIST_FILE = YES;
				INFOPLIST_KEY_NSHumanReadableCopyright = "";
				LD_RUNPATH_SEARCH_PATHS = (
					"$(inherited)",
					"@executable_path/../Frameworks",
				);
				MACOSX_DEPLOYMENT_TARGET = 12.3;
				MARKETING_VERSION = 1.0;
				PRODUCT_BUNDLE_IDENTIFIER = me.alanzhu.todo;
				PRODUCT_NAME = todo;
				SDKROOT = macosx;
				SWIFT_EMIT_LOC_STRINGS = YES;
				SWIFT_VERSION = 5.0;
			};
			name = Release;
		};
		7D26CC4C28B2E063006AB7D8 /* Debug */ = {
			isa = XCBuildConfiguration;
			buildSettings = {
				ALWAYS_EMBED_SWIFT_STANDARD_LIBRARIES = YES;
				CODE_SIGN_STYLE = Automatic;
				CURRENT_PROJECT_VERSION = 1;
				GENERATE_INFOPLIST_FILE = YES;
				IPHONEOS_DEPLOYMENT_TARGET = 15.5;
				MARKETING_VERSION = 1.0;
				PRODUCT_BUNDLE_IDENTIFIER = "me.alanzhu.Tests-iOS";
				PRODUCT_NAME = "$(TARGET_NAME)";
				SDKROOT = iphoneos;
				SWIFT_EMIT_LOC_STRINGS = NO;
				SWIFT_VERSION = 5.0;
				TARGETED_DEVICE_FAMILY = "1,2";
				TEST_TARGET_NAME = "todo (iOS)";
			};
			name = Debug;
		};
		7D26CC4D28B2E063006AB7D8 /* Release */ = {
			isa = XCBuildConfiguration;
			buildSettings = {
				ALWAYS_EMBED_SWIFT_STANDARD_LIBRARIES = YES;
				CODE_SIGN_STYLE = Automatic;
				CURRENT_PROJECT_VERSION = 1;
				GENERATE_INFOPLIST_FILE = YES;
				IPHONEOS_DEPLOYMENT_TARGET = 15.5;
				MARKETING_VERSION = 1.0;
				PRODUCT_BUNDLE_IDENTIFIER = "me.alanzhu.Tests-iOS";
				PRODUCT_NAME = "$(TARGET_NAME)";
				SDKROOT = iphoneos;
				SWIFT_EMIT_LOC_STRINGS = NO;
				SWIFT_VERSION = 5.0;
				TARGETED_DEVICE_FAMILY = "1,2";
				TEST_TARGET_NAME = "todo (iOS)";
				VALIDATE_PRODUCT = YES;
			};
			name = Release;
		};
		7D26CC4F28B2E063006AB7D8 /* Debug */ = {
			isa = XCBuildConfiguration;
			buildSettings = {
				ALWAYS_EMBED_SWIFT_STANDARD_LIBRARIES = YES;
				CODE_SIGN_STYLE = Automatic;
				CURRENT_PROJECT_VERSION = 1;
				GENERATE_INFOPLIST_FILE = YES;
				MACOSX_DEPLOYMENT_TARGET = 12.3;
				MARKETING_VERSION = 1.0;
				PRODUCT_BUNDLE_IDENTIFIER = "me.alanzhu.Tests-macOS";
				PRODUCT_NAME = "$(TARGET_NAME)";
				SDKROOT = macosx;
				SWIFT_EMIT_LOC_STRINGS = NO;
				SWIFT_VERSION = 5.0;
				TEST_TARGET_NAME = "todo (macOS)";
			};
			name = Debug;
		};
		7D26CC5028B2E063006AB7D8 /* Release */ = {
			isa = XCBuildConfiguration;
			buildSettings = {
				ALWAYS_EMBED_SWIFT_STANDARD_LIBRARIES = YES;
				CODE_SIGN_STYLE = Automatic;
				CURRENT_PROJECT_VERSION = 1;
				GENERATE_INFOPLIST_FILE = YES;
				MACOSX_DEPLOYMENT_TARGET = 12.3;
				MARKETING_VERSION = 1.0;
				PRODUCT_BUNDLE_IDENTIFIER = "me.alanzhu.Tests-macOS";
				PRODUCT_NAME = "$(TARGET_NAME)";
				SDKROOT = macosx;
				SWIFT_EMIT_LOC_STRINGS = NO;
				SWIFT_VERSION = 5.0;
				TEST_TARGET_NAME = "todo (macOS)";
			};
			name = Release;
		};
/* End XCBuildConfiguration section */

/* Begin XCConfigurationList section */
		7D26CC1328B2E060006AB7D8 /* Build configuration list for PBXProject "todo" */ = {
			isa = XCConfigurationList;
			buildConfigurations = (
				7D26CC4328B2E063006AB7D8 /* Debug */,
				7D26CC4428B2E063006AB7D8 /* Release */,
			);
			defaultConfigurationIsVisible = 0;
			defaultConfigurationName = Release;
		};
		7D26CC4528B2E063006AB7D8 /* Build configuration list for PBXNativeTarget "todo (iOS)" */ = {
			isa = XCConfigurationList;
			buildConfigurations = (
				7D26CC4628B2E063006AB7D8 /* Debug */,
				7D26CC4728B2E063006AB7D8 /* Release */,
			);
			defaultConfigurationIsVisible = 0;
			defaultConfigurationName = Release;
		};
		7D26CC4828B2E063006AB7D8 /* Build configuration list for PBXNativeTarget "todo (macOS)" */ = {
			isa = XCConfigurationList;
			buildConfigurations = (
				7D26CC4928B2E063006AB7D8 /* Debug */,
				7D26CC4A28B2E063006AB7D8 /* Release */,
			);
			defaultConfigurationIsVisible = 0;
			defaultConfigurationName = Release;
		};
		7D26CC4B28B2E063006AB7D8 /* Build configuration list for PBXNativeTarget "Tests iOS" */ = {
			isa = XCConfigurationList;
			buildConfigurations = (
				7D26CC4C28B2E063006AB7D8 /* Debug */,
				7D26CC4D28B2E063006AB7D8 /* Release */,
			);
			defaultConfigurationIsVisible = 0;
			defaultConfigurationName = Release;
		};
		7D26CC4E28B2E063006AB7D8 /* Build configuration list for PBXNativeTarget "Tests macOS" */ = {
			isa = XCConfigurationList;
			buildConfigurations = (
				7D26CC4F28B2E063006AB7D8 /* Debug */,
				7D26CC5028B2E063006AB7D8 /* Release */,
			);
			defaultConfigurationIsVisible = 0;
			defaultConfigurationName = Release;
		};
/* End XCConfigurationList section */
	};
	rootObject = 7D26CC1028B2E060006AB7D8 /* Project object */;
}
